
Microsoft Visual Studio Solution File, Format Version 12.00
# Visual Studio Version 17
VisualStudioVersion = 17.8.34330.188
MinimumVisualStudioVersion = 10.0.40219.1
Project("{FAE04EC0-301F-11D3-BF4B-00C04F79EFBC}") = "AuthApplication", "AuthApplication\AuthApplication.csproj", "{3214DD50-59A8-4696-85A9-291DF7915069}"
EndProject
Global
	GlobalSection(SolutionConfigurationPlatforms) = preSolution
		Debug|Any CPU = Debug|Any CPU
		Release|Any CPU = Release|Any CPU
	EndGlobalSection
	GlobalSection(ProjectConfigurationPlatforms) = postSolution
		{3214DD50-59A8-4696-85A9-291DF7915069}.Debug|Any CPU.ActiveCfg = Debug|Any CPU
		{3214DD50-59A8-4696-85A9-291DF7915069}.Debug|Any CPU.Build.0 = Debug|Any CPU
		{3214DD50-59A8-4696-85A9-291DF7915069}.Release|Any CPU.ActiveCfg = Release|Any CPU
		{3214DD50-59A8-4696-85A9-291DF7915069}.Release|Any CPU.Build.0 = Release|Any CPU
	EndGlobalSection
	GlobalSection(SolutionProperties) = preSolution
		HideSolutionNode = FALSE
	EndGlobalSection
	GlobalSection(ExtensibilityGlobals) = postSolution
		SolutionGuid = {2ADF29D2-4E5A-4E04-998F-5BE1717189C5}
	EndGlobalSection
EndGlobal
